<Solution>
    <Folder Name="/src/">
        <Project Path="src/OneBase.Domain/OneBase.Domain.csproj" />
        <Project Path="src/OneBase.Application/OneBase.Application.csproj" />
        <Project Path="src/OneBase.AI/OneBase.AI.csproj" />
        <Project Path="src/OneBase.Infrastructure/OneBase.Infrastructure.csproj" />
        <Project Path="src/OneBase.Api/OneBase.Api.csproj" />
    </Folder>
    <Folder Name="/tests/">
        <Project Path="tests/OneBase.AI.Tests/OneBase.AI.Tests.csproj" />
        <Project Path="tests/OneBase.Files.Tests/OneBase.Files.Tests.csproj" />
        <Project Path="tests/OneBase.Sales.Tests/OneBase.Sales.Tests.csproj" />
    </Folder>
</Solution>
